
Microsoft Visual Studio Solution File, Format Version 12.00
# Visual Studio Version 17
VisualStudioVersion = 17.7.34009.444
MinimumVisualStudioVersion = 10.0.40219.1
Project("{9A19103F-16F7-4668-BE54-9A1E7A4F7556}") = "SortAlgoritms", "SortAlgoritms\SortAlgoritms.csproj", "{C2F72DD2-9257-42CF-B51A-3B7EF3382A26}"
EndProject
Project("{9A19103F-16F7-4668-BE54-9A1E7A4F7556}") = "SortAlgoritms-UT", "SortAlgoritms-UT\SortAlgoritms-UT.csproj", "{C7C904FF-4916-4A99-95E2-0B9E7C8AF7A8}"
EndProject
Global
	GlobalSection(SolutionConfigurationPlatforms) = preSolution
		Debug|Any CPU = Debug|Any CPU
		Release|Any CPU = Release|Any CPU
		Test|Any CPU = Test|Any CPU
	EndGlobalSection
	GlobalSection(ProjectConfigurationPlatforms) = postSolution
		{C2F72DD2-9257-42CF-B51A-3B7EF3382A26}.Debug|Any CPU.ActiveCfg = Debug|Any CPU
		{C2F72DD2-9257-42CF-B51A-3B7EF3382A26}.Debug|Any CPU.Build.0 = Debug|Any CPU
		{C2F72DD2-9257-42CF-B51A-3B7EF3382A26}.Release|Any CPU.ActiveCfg = Test|Any CPU
		{C2F72DD2-9257-42CF-B51A-3B7EF3382A26}.Release|Any CPU.Build.0 = Test|Any CPU
		{C2F72DD2-9257-42CF-B51A-3B7EF3382A26}.Test|Any CPU.ActiveCfg = Test|Any CPU
		{C2F72DD2-9257-42CF-B51A-3B7EF3382A26}.Test|Any CPU.Build.0 = Test|Any CPU
		{C7C904FF-4916-4A99-95E2-0B9E7C8AF7A8}.Debug|Any CPU.ActiveCfg = Debug|Any CPU
		{C7C904FF-4916-4A99-95E2-0B9E7C8AF7A8}.Debug|Any CPU.Build.0 = Debug|Any CPU
		{C7C904FF-4916-4A99-95E2-0B9E7C8AF7A8}.Release|Any CPU.ActiveCfg = Release|Any CPU
		{C7C904FF-4916-4A99-95E2-0B9E7C8AF7A8}.Release|Any CPU.Build.0 = Release|Any CPU
		{C7C904FF-4916-4A99-95E2-0B9E7C8AF7A8}.Test|Any CPU.ActiveCfg = Test|Any CPU
		{C7C904FF-4916-4A99-95E2-0B9E7C8AF7A8}.Test|Any CPU.Build.0 = Test|Any CPU
	EndGlobalSection
	GlobalSection(SolutionProperties) = preSolution
		HideSolutionNode = FALSE
	EndGlobalSection
	GlobalSection(ExtensibilityGlobals) = postSolution
		SolutionGuid = {EC5A7C24-9AD3-4CD2-85B4-51B62CF625BB}
	EndGlobalSection
EndGlobal
